
Microsoft Visual Studio Solution File, Format Version 12.00
# Visual Studio Version 16
VisualStudioVersion = 16.0.31702.278
MinimumVisualStudioVersion = 10.0.40219.1
Project("{FAE04EC0-301F-11D3-BF4B-00C04F79EFBC}") = "2ndtest", "2ndtest\2ndtest.csproj", "{0FA3D5C1-2385-4AC9-9229-CE7606C85A96}"
EndProject
Global
	GlobalSection(SolutionConfigurationPlatforms) = preSolution
		Debug|Any CPU = Debug|Any CPU
		Release|Any CPU = Release|Any CPU
	EndGlobalSection
	GlobalSection(ProjectConfigurationPlatforms) = postSolution
		{0FA3D5C1-2385-4AC9-9229-CE7606C85A96}.Debug|Any CPU.ActiveCfg = Debug|Any CPU
		{0FA3D5C1-2385-4AC9-9229-CE7606C85A96}.Debug|Any CPU.Build.0 = Debug|Any CPU
		{0FA3D5C1-2385-4AC9-9229-CE7606C85A96}.Release|Any CPU.ActiveCfg = Release|Any CPU
		{0FA3D5C1-2385-4AC9-9229-CE7606C85A96}.Release|Any CPU.Build.0 = Release|Any CPU
	EndGlobalSection
	GlobalSection(SolutionProperties) = preSolution
		HideSolutionNode = FALSE
	EndGlobalSection
	GlobalSection(ExtensibilityGlobals) = postSolution
		SolutionGuid = {54D9BB6F-5B2F-477A-8D1E-CA39F5217131}
	EndGlobalSection
EndGlobal
