
Microsoft Visual Studio Solution File, Format Version 12.00
# Visual Studio Version 17
VisualStudioVersion = 17.2.32616.157
MinimumVisualStudioVersion = 10.0.40219.1
Project("{FAE04EC0-301F-11D3-BF4B-00C04F79EFBC}") = "Finalline3_plc", "Finalline3_plc\Finalline3_plc.csproj", "{AC677ED8-A315-48E6-9C01-981C73FED5C1}"
EndProject
Global
	GlobalSection(SolutionConfigurationPlatforms) = preSolution
		Debug|Any CPU = Debug|Any CPU
		Release|Any CPU = Release|Any CPU
	EndGlobalSection
	GlobalSection(ProjectConfigurationPlatforms) = postSolution
		{AC677ED8-A315-48E6-9C01-981C73FED5C1}.Debug|Any CPU.ActiveCfg = Debug|Any CPU
		{AC677ED8-A315-48E6-9C01-981C73FED5C1}.Debug|Any CPU.Build.0 = Debug|Any CPU
		{AC677ED8-A315-48E6-9C01-981C73FED5C1}.Release|Any CPU.ActiveCfg = Release|Any CPU
		{AC677ED8-A315-48E6-9C01-981C73FED5C1}.Release|Any CPU.Build.0 = Release|Any CPU
	EndGlobalSection
	GlobalSection(SolutionProperties) = preSolution
		HideSolutionNode = FALSE
	EndGlobalSection
	GlobalSection(ExtensibilityGlobals) = postSolution
		SolutionGuid = {45190602-95AB-4842-8185-237DBBD7324F}
	EndGlobalSection
EndGlobal
